
Microsoft Visual Studio Solution File, Format Version 12.00
# Visual Studio Version 16
VisualStudioVersion = 16.0.29123.88
MinimumVisualStudioVersion = 10.0.40219.1
Project("{9A19103F-16F7-4668-BE54-9A1E7A4F7556}") = "PromptSharp", "PromptSharp\PromptSharp.csproj", "{B43D242A-5534-484D-91BE-220A2056C587}"
EndProject
Project("{9A19103F-16F7-4668-BE54-9A1E7A4F7556}") = "PromptSharp.Examples", "PromptSharp.Examples\PromptSharp.Examples.csproj", "{735B34C6-BB2F-444E-BC1A-33AFD1ED8984}"
EndProject
Global
	GlobalSection(SolutionConfigurationPlatforms) = preSolution
		Debug|Any CPU = Debug|Any CPU
		Release|Any CPU = Release|Any CPU
	EndGlobalSection
	GlobalSection(ProjectConfigurationPlatforms) = postSolution
		{B43D242A-5534-484D-91BE-220A2056C587}.Debug|Any CPU.ActiveCfg = Debug|Any CPU
		{B43D242A-5534-484D-91BE-220A2056C587}.Debug|Any CPU.Build.0 = Debug|Any CPU
		{B43D242A-5534-484D-91BE-220A2056C587}.Release|Any CPU.ActiveCfg = Release|Any CPU
		{B43D242A-5534-484D-91BE-220A2056C587}.Release|Any CPU.Build.0 = Release|Any CPU
		{735B34C6-BB2F-444E-BC1A-33AFD1ED8984}.Debug|Any CPU.ActiveCfg = Debug|Any CPU
		{735B34C6-BB2F-444E-BC1A-33AFD1ED8984}.Debug|Any CPU.Build.0 = Debug|Any CPU
		{735B34C6-BB2F-444E-BC1A-33AFD1ED8984}.Release|Any CPU.ActiveCfg = Release|Any CPU
		{735B34C6-BB2F-444E-BC1A-33AFD1ED8984}.Release|Any CPU.Build.0 = Release|Any CPU
	EndGlobalSection
	GlobalSection(SolutionProperties) = preSolution
		HideSolutionNode = FALSE
	EndGlobalSection
	GlobalSection(ExtensibilityGlobals) = postSolution
		SolutionGuid = {76E7FD3B-AB85-4725-8FCB-6113272E0BCD}
	EndGlobalSection
EndGlobal
